<?xml version="1.0" encoding="utf-8"?>
<Project ToolsVersion="4.0" xmlns="http://schemas.microsoft.com/developer/msbuild/2003">
  <ItemGroup>
    <CustomBuild Include="CMakeFiles\310c2f45db98555d537e1b3423b0decc\RUN_TESTS_force.rule">
      <Filter>CMake Rules</Filter>
    </CustomBuild>
  </ItemGroup>
  <ItemGroup>
    <Filter Include="CMake Rules">
      <UniqueIdentifier>{64EC46FA-2C8A-46B8-BBB9-46D8A8867A12}</UniqueIdentifier>
    </Filter>
  </ItemGroup>
</Project>
